
Microsoft Visual Studio Solution File, Format Version 12.00
# Visual Studio 15
VisualStudioVersion = 15.0.27004.2009
MinimumVisualStudioVersion = 10.0.40219.1
Project("{FAE04EC0-301F-11D3-BF4B-00C04F79EFBC}") = "XamarinTest", "XamarinTest\XamarinTest.csproj", "{56B4F6E6-4D8F-4EBC-9ECC-85FD29A9D7FB}"
EndProject
Global
	GlobalSection(SolutionConfigurationPlatforms) = preSolution
		Ad-Hoc|iPhone = Ad-Hoc|iPhone
		Ad-Hoc|iPhoneSimulator = Ad-Hoc|iPhoneSimulator
		AppStore|iPhone = AppStore|iPhone
		AppStore|iPhoneSimulator = AppStore|iPhoneSimulator
		Debug|iPhone = Debug|iPhone
		Debug|iPhoneSimulator = Debug|iPhoneSimulator
		Release|iPhone = Release|iPhone
		Release|iPhoneSimulator = Release|iPhoneSimulator
	EndGlobalSection
	GlobalSection(ProjectConfigurationPlatforms) = postSolution
		{56B4F6E6-4D8F-4EBC-9ECC-85FD29A9D7FB}.Ad-Hoc|iPhone.ActiveCfg = Ad-Hoc|iPhone
		{56B4F6E6-4D8F-4EBC-9ECC-85FD29A9D7FB}.Ad-Hoc|iPhone.Build.0 = Ad-Hoc|iPhone
		{56B4F6E6-4D8F-4EBC-9ECC-85FD29A9D7FB}.Ad-Hoc|iPhoneSimulator.ActiveCfg = Ad-Hoc|iPhoneSimulator
		{56B4F6E6-4D8F-4EBC-9ECC-85FD29A9D7FB}.Ad-Hoc|iPhoneSimulator.Build.0 = Ad-Hoc|iPhoneSimulator
		{56B4F6E6-4D8F-4EBC-9ECC-85FD29A9D7FB}.AppStore|iPhone.ActiveCfg = AppStore|iPhone
		{56B4F6E6-4D8F-4EBC-9ECC-85FD29A9D7FB}.AppStore|iPhone.Build.0 = AppStore|iPhone
		{56B4F6E6-4D8F-4EBC-9ECC-85FD29A9D7FB}.AppStore|iPhoneSimulator.ActiveCfg = AppStore|iPhoneSimulator
		{56B4F6E6-4D8F-4EBC-9ECC-85FD29A9D7FB}.AppStore|iPhoneSimulator.Build.0 = AppStore|iPhoneSimulator
		{56B4F6E6-4D8F-4EBC-9ECC-85FD29A9D7FB}.Debug|iPhone.ActiveCfg = Debug|iPhone
		{56B4F6E6-4D8F-4EBC-9ECC-85FD29A9D7FB}.Debug|iPhone.Build.0 = Debug|iPhone
		{56B4F6E6-4D8F-4EBC-9ECC-85FD29A9D7FB}.Debug|iPhoneSimulator.ActiveCfg = Debug|iPhoneSimulator
		{56B4F6E6-4D8F-4EBC-9ECC-85FD29A9D7FB}.Debug|iPhoneSimulator.Build.0 = Debug|iPhoneSimulator
		{56B4F6E6-4D8F-4EBC-9ECC-85FD29A9D7FB}.Release|iPhone.ActiveCfg = Release|iPhone
		{56B4F6E6-4D8F-4EBC-9ECC-85FD29A9D7FB}.Release|iPhone.Build.0 = Release|iPhone
		{56B4F6E6-4D8F-4EBC-9ECC-85FD29A9D7FB}.Release|iPhoneSimulator.ActiveCfg = Release|iPhoneSimulator
		{56B4F6E6-4D8F-4EBC-9ECC-85FD29A9D7FB}.Release|iPhoneSimulator.Build.0 = Release|iPhoneSimulator
	EndGlobalSection
	GlobalSection(SolutionProperties) = preSolution
		HideSolutionNode = FALSE
	EndGlobalSection
	GlobalSection(ExtensibilityGlobals) = postSolution
		SolutionGuid = {9A6FDFF4-A426-4E87-B750-D9C6C918C291}
	EndGlobalSection
EndGlobal
